
Microsoft Visual Studio Solution File, Format Version 12.00
# Visual Studio Version 16
VisualStudioVersion = 16.0.29418.71
MinimumVisualStudioVersion = 10.0.40219.1
Project("{8BC9CEB8-8B4A-11D0-8D11-00A0C91BC942}") = "1.getting_started_1.1.hello_window", "src\1.getting_started\1.1.hello_window\1.getting_started_1.1.hello_window\1.getting_started_1.1.hello_window.vcxproj", "{FF256121-7DAF-4739-B32B-EA4B7979C169}"
EndProject
Project("{8BC9CEB8-8B4A-11D0-8D11-00A0C91BC942}") = "GLAD", "src\GLAD\GLAD.vcxproj", "{024BD706-E001-4F10-A7B7-81FC0366E5A0}"
EndProject
Global
	GlobalSection(SolutionConfigurationPlatforms) = preSolution
		Debug|x64 = Debug|x64
		Debug|x86 = Debug|x86
		Release|x64 = Release|x64
		Release|x86 = Release|x86
	EndGlobalSection
	GlobalSection(ProjectConfigurationPlatforms) = postSolution
		{FF256121-7DAF-4739-B32B-EA4B7979C169}.Debug|x64.ActiveCfg = Debug|x64
		{FF256121-7DAF-4739-B32B-EA4B7979C169}.Debug|x64.Build.0 = Debug|x64
		{FF256121-7DAF-4739-B32B-EA4B7979C169}.Debug|x86.ActiveCfg = Debug|Win32
		{FF256121-7DAF-4739-B32B-EA4B7979C169}.Debug|x86.Build.0 = Debug|Win32
		{FF256121-7DAF-4739-B32B-EA4B7979C169}.Release|x64.ActiveCfg = Release|x64
		{FF256121-7DAF-4739-B32B-EA4B7979C169}.Release|x64.Build.0 = Release|x64
		{FF256121-7DAF-4739-B32B-EA4B7979C169}.Release|x86.ActiveCfg = Release|Win32
		{FF256121-7DAF-4739-B32B-EA4B7979C169}.Release|x86.Build.0 = Release|Win32
		{024BD706-E001-4F10-A7B7-81FC0366E5A0}.Debug|x64.ActiveCfg = Debug|x64
		{024BD706-E001-4F10-A7B7-81FC0366E5A0}.Debug|x64.Build.0 = Debug|x64
		{024BD706-E001-4F10-A7B7-81FC0366E5A0}.Debug|x86.ActiveCfg = Debug|Win32
		{024BD706-E001-4F10-A7B7-81FC0366E5A0}.Debug|x86.Build.0 = Debug|Win32
		{024BD706-E001-4F10-A7B7-81FC0366E5A0}.Release|x64.ActiveCfg = Release|x64
		{024BD706-E001-4F10-A7B7-81FC0366E5A0}.Release|x64.Build.0 = Release|x64
		{024BD706-E001-4F10-A7B7-81FC0366E5A0}.Release|x86.ActiveCfg = Release|Win32
		{024BD706-E001-4F10-A7B7-81FC0366E5A0}.Release|x86.Build.0 = Release|Win32
	EndGlobalSection
	GlobalSection(SolutionProperties) = preSolution
		HideSolutionNode = FALSE
	EndGlobalSection
	GlobalSection(ExtensibilityGlobals) = postSolution
		SolutionGuid = {30AEFC09-4889-4453-A5CA-6DF5F8B38EB6}
	EndGlobalSection
EndGlobal
